PODS:
  - JXCategoryView (1.6.8)

DEPENDENCIES:
  - JXCategoryView (from `../../JXCategoryView`)

EXTERNAL SOURCES:
  JXCategoryView:
    :path: "../../JXCategoryView"

SPEC CHECKSUMS:
  JXCategoryView: 262d503acea0b1278c79a1c25b7332ffaef4d518

PODFILE CHECKSUM: 93e73abb319733e99b3e9abc13c69ae1d8edcf84

COCOAPODS: 1.16.2
