// !$*UTF8*$!
{
	archiveVersion = 1;
	classes = {
	};
	objectVersion = 50;
	objects = {

/* Begin PBXBuildFile section */
		BE87D3AB2D64831700E1FAF9 /* JXCategoryView.h in Headers */ = {isa = PBXBuildFile; fileRef = BE87D3AA2D64831700E1FAF9 /* JXCategoryView.h */; };
		BE87D4B52D64835F00E1FAF9 /* JXCategoryIndicatorBackgroundView.m in Sources */ = {isa = PBXBuildFile; fileRef = BE87D4802D64835F00E1FAF9 /* JXCategoryIndicatorBackgroundView.m */; };
		BE87D4B62D64835F00E1FAF9 /* JXCategoryIndicatorCell.m in Sources */ = {isa = PBXBuildFile; fileRef = BE87D4912D64835F00E1FAF9 /* JXCategoryIndicatorCell.m */; };
		BE87D4B72D64835F00E1FAF9 /* UIColor+JXAdd.m in Sources */ = {isa = PBXBuildFile; fileRef = BE87D46F2D64835F00E1FAF9 /* UIColor+JXAdd.m */; };
		BE87D4B82D64835F00E1FAF9 /* JXCategoryImageView.m in Sources */ = {isa = PBXBuildFile; fileRef = BE87D47D2D64835F00E1FAF9 /* JXCategoryImageView.m */; };
		BE87D4B92D64835F00E1FAF9 /* JXCategoryDotView.m in Sources */ = {isa = PBXBuildFile; fileRef = BE87D4762D64835F00E1FAF9 /* JXCategoryDotView.m */; };
		BE87D4BA2D64835F00E1FAF9 /* JXCategoryIndicatorBallView.m in Sources */ = {isa = PBXBuildFile; fileRef = BE87D4822D64835F00E1FAF9 /* JXCategoryIndicatorBallView.m */; };
		BE87D4BB2D64835F00E1FAF9 /* JXCategoryIndicatorImageView.m in Sources */ = {isa = PBXBuildFile; fileRef = BE87D4882D64835F00E1FAF9 /* JXCategoryIndicatorImageView.m */; };
		BE87D4BC2D64835F00E1FAF9 /* JXCategoryTitleImageCellModel.m in Sources */ = {isa = PBXBuildFile; fileRef = BE87D4A82D64835F00E1FAF9 /* JXCategoryTitleImageCellModel.m */; };
		BE87D4BD2D64835F00E1FAF9 /* JXCategoryNumberCell.m in Sources */ = {isa = PBXBuildFile; fileRef = BE87D4982D64835F00E1FAF9 /* JXCategoryNumberCell.m */; };
		BE87D4BE2D64835F00E1FAF9 /* JXCategoryTitleImageCell.m in Sources */ = {isa = PBXBuildFile; fileRef = BE87D4A62D64835F00E1FAF9 /* JXCategoryTitleImageCell.m */; };
		BE87D4BF2D64835F00E1FAF9 /* JXCategoryFactory.m in Sources */ = {isa = PBXBuildFile; fileRef = BE87D4632D64835F00E1FAF9 /* JXCategoryFactory.m */; };
		BE87D4C02D64835F00E1FAF9 /* JXCategoryIndicatorComponentView.m in Sources */ = {isa = PBXBuildFile; fileRef = BE87D4842D64835F00E1FAF9 /* JXCategoryIndicatorComponentView.m */; };
		BE87D4C12D64835F00E1FAF9 /* JXCategoryListContainerView.m in Sources */ = {isa = PBXBuildFile; fileRef = BE87D46A2D64835F00E1FAF9 /* JXCategoryListContainerView.m */; };
		BE87D4C22D64835F00E1FAF9 /* JXCategoryViewAnimator.m in Sources */ = {isa = PBXBuildFile; fileRef = BE87D46C2D64835F00E1FAF9 /* JXCategoryViewAnimator.m */; };
		BE87D4C32D64835F00E1FAF9 /* JXCategoryIndicatorTriangleView.m in Sources */ = {isa = PBXBuildFile; fileRef = BE87D48E2D64835F00E1FAF9 /* JXCategoryIndicatorTriangleView.m */; };
		BE87D4C42D64835F00E1FAF9 /* JXCategoryIndicatorView.m in Sources */ = {isa = PBXBuildFile; fileRef = BE87D4952D64835F00E1FAF9 /* JXCategoryIndicatorView.m */; };
		BE87D4C52D64835F00E1FAF9 /* JXCategoryTitleVerticalZoomCellModel.m in Sources */ = {isa = PBXBuildFile; fileRef = BE87D4AF2D64835F00E1FAF9 /* JXCategoryTitleVerticalZoomCellModel.m */; };
		BE87D4C62D64835F00E1FAF9 /* JXCategoryTitleVerticalZoomView.m in Sources */ = {isa = PBXBuildFile; fileRef = BE87D4B12D64835F00E1FAF9 /* JXCategoryTitleVerticalZoomView.m */; };
		BE87D4C72D64835F00E1FAF9 /* JXCategoryTitleVerticalZoomCell.m in Sources */ = {isa = PBXBuildFile; fileRef = BE87D4AD2D64835F00E1FAF9 /* JXCategoryTitleVerticalZoomCell.m */; };
		BE87D4C82D64835F00E1FAF9 /* JXCategoryDotCell.m in Sources */ = {isa = PBXBuildFile; fileRef = BE87D4722D64835F00E1FAF9 /* JXCategoryDotCell.m */; };
		BE87D4C92D64835F00E1FAF9 /* JXCategoryNumberView.m in Sources */ = {isa = PBXBuildFile; fileRef = BE87D49C2D64835F00E1FAF9 /* JXCategoryNumberView.m */; };
		BE87D4CA2D64835F00E1FAF9 /* JXCategoryDotCellModel.m in Sources */ = {isa = PBXBuildFile; fileRef = BE87D4742D64835F00E1FAF9 /* JXCategoryDotCellModel.m */; };
		BE87D4CB2D64835F00E1FAF9 /* JXCategoryTitleCell.m in Sources */ = {isa = PBXBuildFile; fileRef = BE87D49F2D64835F00E1FAF9 /* JXCategoryTitleCell.m */; };
		BE87D4CC2D64835F00E1FAF9 /* JXCategoryImageCellModel.m in Sources */ = {isa = PBXBuildFile; fileRef = BE87D47B2D64835F00E1FAF9 /* JXCategoryImageCellModel.m */; };
		BE87D4CD2D64835F00E1FAF9 /* JXCategoryIndicatorRainbowLineView.m in Sources */ = {isa = PBXBuildFile; fileRef = BE87D48C2D64835F00E1FAF9 /* JXCategoryIndicatorRainbowLineView.m */; };
		BE87D4CE2D64835F00E1FAF9 /* JXCategoryTitleImageView.m in Sources */ = {isa = PBXBuildFile; fileRef = BE87D4AA2D64835F00E1FAF9 /* JXCategoryTitleImageView.m */; };
		BE87D4CF2D64835F00E1FAF9 /* JXCategoryBaseView.m in Sources */ = {isa = PBXBuildFile; fileRef = BE87D45E2D64835F00E1FAF9 /* JXCategoryBaseView.m */; };
		BE87D4D02D64835F00E1FAF9 /* JXCategoryListCollectionContainerView.m in Sources */ = {isa = PBXBuildFile; fileRef = BE87D4682D64835F00E1FAF9 /* JXCategoryListCollectionContainerView.m */; };
		BE87D4D12D64835F00E1FAF9 /* JXCategoryIndicatorLineView.m in Sources */ = {isa = PBXBuildFile; fileRef = BE87D48A2D64835F00E1FAF9 /* JXCategoryIndicatorLineView.m */; };
		BE87D4D22D64835F00E1FAF9 /* JXCategoryTitleView.m in Sources */ = {isa = PBXBuildFile; fileRef = BE87D4A32D64835F00E1FAF9 /* JXCategoryTitleView.m */; };
		BE87D4D32D64835F00E1FAF9 /* JXCategoryIndicatorCellModel.m in Sources */ = {isa = PBXBuildFile; fileRef = BE87D4932D64835F00E1FAF9 /* JXCategoryIndicatorCellModel.m */; };
		BE87D4D42D64835F00E1FAF9 /* JXCategoryImageCell.m in Sources */ = {isa = PBXBuildFile; fileRef = BE87D4792D64835F00E1FAF9 /* JXCategoryImageCell.m */; };
		BE87D4D52D64835F00E1FAF9 /* JXCategoryTitleCellModel.m in Sources */ = {isa = PBXBuildFile; fileRef = BE87D4A12D64835F00E1FAF9 /* JXCategoryTitleCellModel.m */; };
		BE87D4D62D64835F00E1FAF9 /* JXCategoryBaseCellModel.m in Sources */ = {isa = PBXBuildFile; fileRef = BE87D45C2D64835F00E1FAF9 /* JXCategoryBaseCellModel.m */; };
		BE87D4D72D64835F00E1FAF9 /* JXCategoryBaseCell.m in Sources */ = {isa = PBXBuildFile; fileRef = BE87D45A2D64835F00E1FAF9 /* JXCategoryBaseCell.m */; };
		BE87D4D82D64835F00E1FAF9 /* JXCategoryNumberCellModel.m in Sources */ = {isa = PBXBuildFile; fileRef = BE87D49A2D64835F00E1FAF9 /* JXCategoryNumberCellModel.m */; };
		BE87D4D92D64835F00E1FAF9 /* JXCategoryIndicatorDotLineView.m in Sources */ = {isa = PBXBuildFile; fileRef = BE87D4862D64835F00E1FAF9 /* JXCategoryIndicatorDotLineView.m */; };
		BE87D4DA2D64835F00E1FAF9 /* JXCategoryCollectionView.m in Sources */ = {isa = PBXBuildFile; fileRef = BE87D4612D64835F00E1FAF9 /* JXCategoryCollectionView.m */; };
		BE87D4DB2D64835F00E1FAF9 /* JXCategoryIndicatorParamsModel.m in Sources */ = {isa = PBXBuildFile; fileRef = BE87D4652D64835F00E1FAF9 /* JXCategoryIndicatorParamsModel.m */; };
		BE87D4DC2D64835F00E1FAF9 /* JXCategoryImageCellModel.h in Headers */ = {isa = PBXBuildFile; fileRef = BE87D47A2D64835F00E1FAF9 /* JXCategoryImageCellModel.h */; settings = {ATTRIBUTES = (Public, ); }; };
		BE87D4DD2D64835F00E1FAF9 /* JXCategoryDotCellModel.h in Headers */ = {isa = PBXBuildFile; fileRef = BE87D4732D64835F00E1FAF9 /* JXCategoryDotCellModel.h */; settings = {ATTRIBUTES = (Public, ); }; };
		BE87D4DE2D64835F00E1FAF9 /* JXCategoryTitleCell.h in Headers */ = {isa = PBXBuildFile; fileRef = BE87D49E2D64835F00E1FAF9 /* JXCategoryTitleCell.h */; settings = {ATTRIBUTES = (Public, ); }; };
		BE87D4DF2D64835F00E1FAF9 /* JXCategoryNumberView.h in Headers */ = {isa = PBXBuildFile; fileRef = BE87D49B2D64835F00E1FAF9 /* JXCategoryNumberView.h */; settings = {ATTRIBUTES = (Public, ); }; };
		BE87D4E02D64835F00E1FAF9 /* JXCategoryImageCell.h in Headers */ = {isa = PBXBuildFile; fileRef = BE87D4782D64835F00E1FAF9 /* JXCategoryImageCell.h */; settings = {ATTRIBUTES = (Public, ); }; };
		BE87D4E12D64835F00E1FAF9 /* JXCategoryBaseView.h in Headers */ = {isa = PBXBuildFile; fileRef = BE87D45D2D64835F00E1FAF9 /* JXCategoryBaseView.h */; settings = {ATTRIBUTES = (Public, ); }; };
		BE87D4E22D64835F00E1FAF9 /* JXCategoryTitleCellModel.h in Headers */ = {isa = PBXBuildFile; fileRef = BE87D4A02D64835F00E1FAF9 /* JXCategoryTitleCellModel.h */; settings = {ATTRIBUTES = (Public, ); }; };
		BE87D4E32D64835F00E1FAF9 /* JXCategoryTitleVerticalZoomView.h in Headers */ = {isa = PBXBuildFile; fileRef = BE87D4B02D64835F00E1FAF9 /* JXCategoryTitleVerticalZoomView.h */; settings = {ATTRIBUTES = (Public, ); }; };
		BE87D4E42D64835F00E1FAF9 /* JXCategoryIndicatorBallView.h in Headers */ = {isa = PBXBuildFile; fileRef = BE87D4812D64835F00E1FAF9 /* JXCategoryIndicatorBallView.h */; settings = {ATTRIBUTES = (Public, ); }; };
		BE87D4E52D64835F00E1FAF9 /* JXCategoryIndicatorImageView.h in Headers */ = {isa = PBXBuildFile; fileRef = BE87D4872D64835F00E1FAF9 /* JXCategoryIndicatorImageView.h */; settings = {ATTRIBUTES = (Public, ); }; };
		BE87D4E62D64835F00E1FAF9 /* JXCategoryCollectionView.h in Headers */ = {isa = PBXBuildFile; fileRef = BE87D4602D64835F00E1FAF9 /* JXCategoryCollectionView.h */; settings = {ATTRIBUTES = (Public, ); }; };
		BE87D4E72D64835F00E1FAF9 /* JXCategoryDotCell.h in Headers */ = {isa = PBXBuildFile; fileRef = BE87D4712D64835F00E1FAF9 /* JXCategoryDotCell.h */; settings = {ATTRIBUTES = (Public, ); }; };
		BE87D4E82D64835F00E1FAF9 /* JXCategoryIndicatorCellModel.h in Headers */ = {isa = PBXBuildFile; fileRef = BE87D4922D64835F00E1FAF9 /* JXCategoryIndicatorCellModel.h */; settings = {ATTRIBUTES = (Public, ); }; };
		BE87D4E92D64835F00E1FAF9 /* UIColor+JXAdd.h in Headers */ = {isa = PBXBuildFile; fileRef = BE87D46E2D64835F00E1FAF9 /* UIColor+JXAdd.h */; settings = {ATTRIBUTES = (Public, ); }; };
		BE87D4EA2D64835F00E1FAF9 /* JXCategoryImageView.h in Headers */ = {isa = PBXBuildFile; fileRef = BE87D47C2D64835F00E1FAF9 /* JXCategoryImageView.h */; settings = {ATTRIBUTES = (Public, ); }; };
		BE87D4EB2D64835F00E1FAF9 /* JXCategoryTitleView.h in Headers */ = {isa = PBXBuildFile; fileRef = BE87D4A22D64835F00E1FAF9 /* JXCategoryTitleView.h */; settings = {ATTRIBUTES = (Public, ); }; };
		BE87D4EC2D64835F00E1FAF9 /* JXCategoryBaseCellModel.h in Headers */ = {isa = PBXBuildFile; fileRef = BE87D45B2D64835F00E1FAF9 /* JXCategoryBaseCellModel.h */; settings = {ATTRIBUTES = (Public, ); }; };
		BE87D4ED2D64835F00E1FAF9 /* JXCategoryNumberCellModel.h in Headers */ = {isa = PBXBuildFile; fileRef = BE87D4992D64835F00E1FAF9 /* JXCategoryNumberCellModel.h */; settings = {ATTRIBUTES = (Public, ); }; };
		BE87D4EE2D64835F00E1FAF9 /* JXCategoryIndicatorCell.h in Headers */ = {isa = PBXBuildFile; fileRef = BE87D4902D64835F00E1FAF9 /* JXCategoryIndicatorCell.h */; settings = {ATTRIBUTES = (Public, ); }; };
		BE87D4EF2D64835F00E1FAF9 /* JXCategoryNumberCell.h in Headers */ = {isa = PBXBuildFile; fileRef = BE87D4972D64835F00E1FAF9 /* JXCategoryNumberCell.h */; settings = {ATTRIBUTES = (Public, ); }; };
		BE87D4F02D64835F00E1FAF9 /* JXCategoryIndicatorRainbowLineView.h in Headers */ = {isa = PBXBuildFile; fileRef = BE87D48B2D64835F00E1FAF9 /* JXCategoryIndicatorRainbowLineView.h */; settings = {ATTRIBUTES = (Public, ); }; };
		BE87D4F12D64835F00E1FAF9 /* JXCategoryTitleVerticalZoomCellModel.h in Headers */ = {isa = PBXBuildFile; fileRef = BE87D4AE2D64835F00E1FAF9 /* JXCategoryTitleVerticalZoomCellModel.h */; settings = {ATTRIBUTES = (Public, ); }; };
		BE87D4F22D64835F00E1FAF9 /* JXCategoryIndicatorDotLineView.h in Headers */ = {isa = PBXBuildFile; fileRef = BE87D4852D64835F00E1FAF9 /* JXCategoryIndicatorDotLineView.h */; settings = {ATTRIBUTES = (Public, ); }; };
		BE87D4F32D64835F00E1FAF9 /* JXCategoryIndicatorComponentView.h in Headers */ = {isa = PBXBuildFile; fileRef = BE87D4832D64835F00E1FAF9 /* JXCategoryIndicatorComponentView.h */; settings = {ATTRIBUTES = (Public, ); }; };
		BE87D4F42D64835F00E1FAF9 /* JXCategoryTitleImageCellModel.h in Headers */ = {isa = PBXBuildFile; fileRef = BE87D4A72D64835F00E1FAF9 /* JXCategoryTitleImageCellModel.h */; settings = {ATTRIBUTES = (Public, ); }; };
		BE87D4F52D64835F00E1FAF9 /* JXCategoryIndicatorBackgroundView.h in Headers */ = {isa = PBXBuildFile; fileRef = BE87D47F2D64835F00E1FAF9 /* JXCategoryIndicatorBackgroundView.h */; settings = {ATTRIBUTES = (Public, ); }; };
		BE87D4F62D64835F00E1FAF9 /* JXCategoryBaseCell.h in Headers */ = {isa = PBXBuildFile; fileRef = BE87D4592D64835F00E1FAF9 /* JXCategoryBaseCell.h */; settings = {ATTRIBUTES = (Public, ); }; };
		BE87D4F72D64835F00E1FAF9 /* JXCategoryTitleImageCell.h in Headers */ = {isa = PBXBuildFile; fileRef = BE87D4A52D64835F00E1FAF9 /* JXCategoryTitleImageCell.h */; settings = {ATTRIBUTES = (Public, ); }; };
		BE87D4F82D64835F00E1FAF9 /* JXCategoryFactory.h in Headers */ = {isa = PBXBuildFile; fileRef = BE87D4622D64835F00E1FAF9 /* JXCategoryFactory.h */; settings = {ATTRIBUTES = (Public, ); }; };
		BE87D4F92D64835F00E1FAF9 /* JXCategoryView.h in Headers */ = {isa = PBXBuildFile; fileRef = BE87D4B32D64835F00E1FAF9 /* JXCategoryView.h */; settings = {ATTRIBUTES = (Public, ); }; };
		BE87D4FA2D64835F00E1FAF9 /* JXCategoryIndicatorTriangleView.h in Headers */ = {isa = PBXBuildFile; fileRef = BE87D48D2D64835F00E1FAF9 /* JXCategoryIndicatorTriangleView.h */; settings = {ATTRIBUTES = (Public, ); }; };
		BE87D4FB2D64835F00E1FAF9 /* JXCategoryIndicatorParamsModel.h in Headers */ = {isa = PBXBuildFile; fileRef = BE87D4642D64835F00E1FAF9 /* JXCategoryIndicatorParamsModel.h */; settings = {ATTRIBUTES = (Public, ); }; };
		BE87D4FC2D64835F00E1FAF9 /* JXCategoryIndicatorLineView.h in Headers */ = {isa = PBXBuildFile; fileRef = BE87D4892D64835F00E1FAF9 /* JXCategoryIndicatorLineView.h */; settings = {ATTRIBUTES = (Public, ); }; };
		BE87D4FD2D64835F00E1FAF9 /* JXCategoryTitleVerticalZoomCell.h in Headers */ = {isa = PBXBuildFile; fileRef = BE87D4AC2D64835F00E1FAF9 /* JXCategoryTitleVerticalZoomCell.h */; settings = {ATTRIBUTES = (Public, ); }; };
		BE87D4FE2D64835F00E1FAF9 /* JXCategoryListContainerView.h in Headers */ = {isa = PBXBuildFile; fileRef = BE87D4692D64835F00E1FAF9 /* JXCategoryListContainerView.h */; settings = {ATTRIBUTES = (Public, ); }; };
		BE87D4FF2D64835F00E1FAF9 /* JXCategoryViewDefines.h in Headers */ = {isa = PBXBuildFile; fileRef = BE87D46D2D64835F00E1FAF9 /* JXCategoryViewDefines.h */; settings = {ATTRIBUTES = (Public, ); }; };
		BE87D5002D64835F00E1FAF9 /* JXCategoryTitleImageView.h in Headers */ = {isa = PBXBuildFile; fileRef = BE87D4A92D64835F00E1FAF9 /* JXCategoryTitleImageView.h */; settings = {ATTRIBUTES = (Public, ); }; };
		BE87D5012D64835F00E1FAF9 /* JXCategoryListCollectionContainerView.h in Headers */ = {isa = PBXBuildFile; fileRef = BE87D4672D64835F00E1FAF9 /* JXCategoryListCollectionContainerView.h */; settings = {ATTRIBUTES = (Public, ); }; };
		BE87D5022D64835F00E1FAF9 /* JXCategoryDotView.h in Headers */ = {isa = PBXBuildFile; fileRef = BE87D4752D64835F00E1FAF9 /* JXCategoryDotView.h */; settings = {ATTRIBUTES = (Public, ); }; };
		BE87D5032D64835F00E1FAF9 /* JXCategoryIndicatorView.h in Headers */ = {isa = PBXBuildFile; fileRef = BE87D4942D64835F00E1FAF9 /* JXCategoryIndicatorView.h */; settings = {ATTRIBUTES = (Public, ); }; };
		BE87D5042D64835F00E1FAF9 /* JXCategoryIndicatorProtocol.h in Headers */ = {isa = PBXBuildFile; fileRef = BE87D4662D64835F00E1FAF9 /* JXCategoryIndicatorProtocol.h */; settings = {ATTRIBUTES = (Public, ); }; };
		BE87D5052D64835F00E1FAF9 /* JXCategoryViewAnimator.h in Headers */ = {isa = PBXBuildFile; fileRef = BE87D46B2D64835F00E1FAF9 /* JXCategoryViewAnimator.h */; settings = {ATTRIBUTES = (Public, ); }; };
/* End PBXBuildFile section */

/* Begin PBXFileReference section */
		19F1508E2387BCCA0043A86E /* JXCategoryView.framework */ = {isa = PBXFileReference; explicitFileType = wrapper.framework; includeInIndex = 0; path = JXCategoryView.framework; sourceTree = BUILT_PRODUCTS_DIR; };
		19F150922387BCCA0043A86E /* Info.plist */ = {isa = PBXFileReference; lastKnownFileType = text.plist.xml; path = Info.plist; sourceTree = "<group>"; };
		BE87D3AA2D64831700E1FAF9 /* JXCategoryView.h */ = {isa = PBXFileReference; lastKnownFileType = sourcecode.c.h; path = JXCategoryView.h; sourceTree = "<group>"; };
		BE87D4592D64835F00E1FAF9 /* JXCategoryBaseCell.h */ = {isa = PBXFileReference; lastKnownFileType = sourcecode.c.h; path = JXCategoryBaseCell.h; sourceTree = "<group>"; };
		BE87D45A2D64835F00E1FAF9 /* JXCategoryBaseCell.m */ = {isa = PBXFileReference; lastKnownFileType = sourcecode.c.objc; path = JXCategoryBaseCell.m; sourceTree = "<group>"; };
		BE87D45B2D64835F00E1FAF9 /* JXCategoryBaseCellModel.h */ = {isa = PBXFileReference; lastKnownFileType = sourcecode.c.h; path = JXCategoryBaseCellModel.h; sourceTree = "<group>"; };
		BE87D45C2D64835F00E1FAF9 /* JXCategoryBaseCellModel.m */ = {isa = PBXFileReference; lastKnownFileType = sourcecode.c.objc; path = JXCategoryBaseCellModel.m; sourceTree = "<group>"; };
		BE87D45D2D64835F00E1FAF9 /* JXCategoryBaseView.h */ = {isa = PBXFileReference; lastKnownFileType = sourcecode.c.h; path = JXCategoryBaseView.h; sourceTree = "<group>"; };
		BE87D45E2D64835F00E1FAF9 /* JXCategoryBaseView.m */ = {isa = PBXFileReference; lastKnownFileType = sourcecode.c.objc; path = JXCategoryBaseView.m; sourceTree = "<group>"; };
		BE87D4602D64835F00E1FAF9 /* JXCategoryCollectionView.h */ = {isa = PBXFileReference; lastKnownFileType = sourcecode.c.h; path = JXCategoryCollectionView.h; sourceTree = "<group>"; };
		BE87D4612D64835F00E1FAF9 /* JXCategoryCollectionView.m */ = {isa = PBXFileReference; lastKnownFileType = sourcecode.c.objc; path = JXCategoryCollectionView.m; sourceTree = "<group>"; };
		BE87D4622D64835F00E1FAF9 /* JXCategoryFactory.h */ = {isa = PBXFileReference; lastKnownFileType = sourcecode.c.h; path = JXCategoryFactory.h; sourceTree = "<group>"; };
		BE87D4632D64835F00E1FAF9 /* JXCategoryFactory.m */ = {isa = PBXFileReference; lastKnownFileType = sourcecode.c.objc; path = JXCategoryFactory.m; sourceTree = "<group>"; };
		BE87D4642D64835F00E1FAF9 /* JXCategoryIndicatorParamsModel.h */ = {isa = PBXFileReference; lastKnownFileType = sourcecode.c.h; path = JXCategoryIndicatorParamsModel.h; sourceTree = "<group>"; };
		BE87D4652D64835F00E1FAF9 /* JXCategoryIndicatorParamsModel.m */ = {isa = PBXFileReference; lastKnownFileType = sourcecode.c.objc; path = JXCategoryIndicatorParamsModel.m; sourceTree = "<group>"; };
		BE87D4662D64835F00E1FAF9 /* JXCategoryIndicatorProtocol.h */ = {isa = PBXFileReference; lastKnownFileType = sourcecode.c.h; path = JXCategoryIndicatorProtocol.h; sourceTree = "<group>"; };
		BE87D4672D64835F00E1FAF9 /* JXCategoryListCollectionContainerView.h */ = {isa = PBXFileReference; lastKnownFileType = sourcecode.c.h; path = JXCategoryListCollectionContainerView.h; sourceTree = "<group>"; };
		BE87D4682D64835F00E1FAF9 /* JXCategoryListCollectionContainerView.m */ = {isa = PBXFileReference; lastKnownFileType = sourcecode.c.objc; path = JXCategoryListCollectionContainerView.m; sourceTree = "<group>"; };
		BE87D4692D64835F00E1FAF9 /* JXCategoryListContainerView.h */ = {isa = PBXFileReference; lastKnownFileType = sourcecode.c.h; path = JXCategoryListContainerView.h; sourceTree = "<group>"; };
		BE87D46A2D64835F00E1FAF9 /* JXCategoryListContainerView.m */ = {isa = PBXFileReference; lastKnownFileType = sourcecode.c.objc; path = JXCategoryListContainerView.m; sourceTree = "<group>"; };
		BE87D46B2D64835F00E1FAF9 /* JXCategoryViewAnimator.h */ = {isa = PBXFileReference; lastKnownFileType = sourcecode.c.h; path = JXCategoryViewAnimator.h; sourceTree = "<group>"; };
		BE87D46C2D64835F00E1FAF9 /* JXCategoryViewAnimator.m */ = {isa = PBXFileReference; lastKnownFileType = sourcecode.c.objc; path = JXCategoryViewAnimator.m; sourceTree = "<group>"; };
		BE87D46D2D64835F00E1FAF9 /* JXCategoryViewDefines.h */ = {isa = PBXFileReference; lastKnownFileType = sourcecode.c.h; path = JXCategoryViewDefines.h; sourceTree = "<group>"; };
		BE87D46E2D64835F00E1FAF9 /* UIColor+JXAdd.h */ = {isa = PBXFileReference; lastKnownFileType = sourcecode.c.h; path = "UIColor+JXAdd.h"; sourceTree = "<group>"; };
		BE87D46F2D64835F00E1FAF9 /* UIColor+JXAdd.m */ = {isa = PBXFileReference; lastKnownFileType = sourcecode.c.objc; path = "UIColor+JXAdd.m"; sourceTree = "<group>"; };
		BE87D4712D64835F00E1FAF9 /* JXCategoryDotCell.h */ = {isa = PBXFileReference; lastKnownFileType = sourcecode.c.h; path = JXCategoryDotCell.h; sourceTree = "<group>"; };
		BE87D4722D64835F00E1FAF9 /* JXCategoryDotCell.m */ = {isa = PBXFileReference; lastKnownFileType = sourcecode.c.objc; path = JXCategoryDotCell.m; sourceTree = "<group>"; };
		BE87D4732D64835F00E1FAF9 /* JXCategoryDotCellModel.h */ = {isa = PBXFileReference; lastKnownFileType = sourcecode.c.h; path = JXCategoryDotCellModel.h; sourceTree = "<group>"; };
		BE87D4742D64835F00E1FAF9 /* JXCategoryDotCellModel.m */ = {isa = PBXFileReference; lastKnownFileType = sourcecode.c.objc; path = JXCategoryDotCellModel.m; sourceTree = "<group>"; };
		BE87D4752D64835F00E1FAF9 /* JXCategoryDotView.h */ = {isa = PBXFileReference; lastKnownFileType = sourcecode.c.h; path = JXCategoryDotView.h; sourceTree = "<group>"; };
		BE87D4762D64835F00E1FAF9 /* JXCategoryDotView.m */ = {isa = PBXFileReference; lastKnownFileType = sourcecode.c.objc; path = JXCategoryDotView.m; sourceTree = "<group>"; };
		BE87D4782D64835F00E1FAF9 /* JXCategoryImageCell.h */ = {isa = PBXFileReference; lastKnownFileType = sourcecode.c.h; path = JXCategoryImageCell.h; sourceTree = "<group>"; };
		BE87D4792D64835F00E1FAF9 /* JXCategoryImageCell.m */ = {isa = PBXFileReference; lastKnownFileType = sourcecode.c.objc; path = JXCategoryImageCell.m; sourceTree = "<group>"; };
		BE87D47A2D64835F00E1FAF9 /* JXCategoryImageCellModel.h */ = {isa = PBXFileReference; lastKnownFileType = sourcecode.c.h; path = JXCategoryImageCellModel.h; sourceTree = "<group>"; };
		BE87D47B2D64835F00E1FAF9 /* JXCategoryImageCellModel.m */ = {isa = PBXFileReference; lastKnownFileType = sourcecode.c.objc; path = JXCategoryImageCellModel.m; sourceTree = "<group>"; };
		BE87D47C2D64835F00E1FAF9 /* JXCategoryImageView.h */ = {isa = PBXFileReference; lastKnownFileType = sourcecode.c.h; path = JXCategoryImageView.h; sourceTree = "<group>"; };
		BE87D47D2D64835F00E1FAF9 /* JXCategoryImageView.m */ = {isa = PBXFileReference; lastKnownFileType = sourcecode.c.objc; path = JXCategoryImageView.m; sourceTree = "<group>"; };
		BE87D47F2D64835F00E1FAF9 /* JXCategoryIndicatorBackgroundView.h */ = {isa = PBXFileReference; lastKnownFileType = sourcecode.c.h; path = JXCategoryIndicatorBackgroundView.h; sourceTree = "<group>"; };
		BE87D4802D64835F00E1FAF9 /* JXCategoryIndicatorBackgroundView.m */ = {isa = PBXFileReference; lastKnownFileType = sourcecode.c.objc; path = JXCategoryIndicatorBackgroundView.m; sourceTree = "<group>"; };
		BE87D4812D64835F00E1FAF9 /* JXCategoryIndicatorBallView.h */ = {isa = PBXFileReference; lastKnownFileType = sourcecode.c.h; path = JXCategoryIndicatorBallView.h; sourceTree = "<group>"; };
		BE87D4822D64835F00E1FAF9 /* JXCategoryIndicatorBallView.m */ = {isa = PBXFileReference; lastKnownFileType = sourcecode.c.objc; path = JXCategoryIndicatorBallView.m; sourceTree = "<group>"; };
		BE87D4832D64835F00E1FAF9 /* JXCategoryIndicatorComponentView.h */ = {isa = PBXFileReference; lastKnownFileType = sourcecode.c.h; path = JXCategoryIndicatorComponentView.h; sourceTree = "<group>"; };
		BE87D4842D64835F00E1FAF9 /* JXCategoryIndicatorComponentView.m */ = {isa = PBXFileReference; lastKnownFileType = sourcecode.c.objc; path = JXCategoryIndicatorComponentView.m; sourceTree = "<group>"; };
		BE87D4852D64835F00E1FAF9 /* JXCategoryIndicatorDotLineView.h */ = {isa = PBXFileReference; lastKnownFileType = sourcecode.c.h; path = JXCategoryIndicatorDotLineView.h; sourceTree = "<group>"; };
		BE87D4862D64835F00E1FAF9 /* JXCategoryIndicatorDotLineView.m */ = {isa = PBXFileReference; lastKnownFileType = sourcecode.c.objc; path = JXCategoryIndicatorDotLineView.m; sourceTree = "<group>"; };
		BE87D4872D64835F00E1FAF9 /* JXCategoryIndicatorImageView.h */ = {isa = PBXFileReference; lastKnownFileType = sourcecode.c.h; path = JXCategoryIndicatorImageView.h; sourceTree = "<group>"; };
		BE87D4882D64835F00E1FAF9 /* JXCategoryIndicatorImageView.m */ = {isa = PBXFileReference; lastKnownFileType = sourcecode.c.objc; path = JXCategoryIndicatorImageView.m; sourceTree = "<group>"; };
		BE87D4892D64835F00E1FAF9 /* JXCategoryIndicatorLineView.h */ = {isa = PBXFileReference; lastKnownFileType = sourcecode.c.h; path = JXCategoryIndicatorLineView.h; sourceTree = "<group>"; };
		BE87D48A2D64835F00E1FAF9 /* JXCategoryIndicatorLineView.m */ = {isa = PBXFileReference; lastKnownFileType = sourcecode.c.objc; path = JXCategoryIndicatorLineView.m; sourceTree = "<group>"; };
		BE87D48B2D64835F00E1FAF9 /* JXCategoryIndicatorRainbowLineView.h */ = {isa = PBXFileReference; lastKnownFileType = sourcecode.c.h; path = JXCategoryIndicatorRainbowLineView.h; sourceTree = "<group>"; };
		BE87D48C2D64835F00E1FAF9 /* JXCategoryIndicatorRainbowLineView.m */ = {isa = PBXFileReference; lastKnownFileType = sourcecode.c.objc; path = JXCategoryIndicatorRainbowLineView.m; sourceTree = "<group>"; };
		BE87D48D2D64835F00E1FAF9 /* JXCategoryIndicatorTriangleView.h */ = {isa = PBXFileReference; lastKnownFileType = sourcecode.c.h; path = JXCategoryIndicatorTriangleView.h; sourceTree = "<group>"; };
		BE87D48E2D64835F00E1FAF9 /* JXCategoryIndicatorTriangleView.m */ = {isa = PBXFileReference; lastKnownFileType = sourcecode.c.objc; path = JXCategoryIndicatorTriangleView.m; sourceTree = "<group>"; };
		BE87D4902D64835F00E1FAF9 /* JXCategoryIndicatorCell.h */ = {isa = PBXFileReference; lastKnownFileType = sourcecode.c.h; path = JXCategoryIndicatorCell.h; sourceTree = "<group>"; };
		BE87D4912D64835F00E1FAF9 /* JXCategoryIndicatorCell.m */ = {isa = PBXFileReference; lastKnownFileType = sourcecode.c.objc; path = JXCategoryIndicatorCell.m; sourceTree = "<group>"; };
		BE87D4922D64835F00E1FAF9 /* JXCategoryIndicatorCellModel.h */ = {isa = PBXFileReference; lastKnownFileType = sourcecode.c.h; path = JXCategoryIndicatorCellModel.h; sourceTree = "<group>"; };
		BE87D4932D64835F00E1FAF9 /* JXCategoryIndicatorCellModel.m */ = {isa = PBXFileReference; lastKnownFileType = sourcecode.c.objc; path = JXCategoryIndicatorCellModel.m; sourceTree = "<group>"; };
		BE87D4942D64835F00E1FAF9 /* JXCategoryIndicatorView.h */ = {isa = PBXFileReference; lastKnownFileType = sourcecode.c.h; path = JXCategoryIndicatorView.h; sourceTree = "<group>"; };
		BE87D4952D64835F00E1FAF9 /* JXCategoryIndicatorView.m */ = {isa = PBXFileReference; lastKnownFileType = sourcecode.c.objc; path = JXCategoryIndicatorView.m; sourceTree = "<group>"; };
		BE87D4972D64835F00E1FAF9 /* JXCategoryNumberCell.h */ = {isa = PBXFileReference; lastKnownFileType = sourcecode.c.h; path = JXCategoryNumberCell.h; sourceTree = "<group>"; };
		BE87D4982D64835F00E1FAF9 /* JXCategoryNumberCell.m */ = {isa = PBXFileReference; lastKnownFileType = sourcecode.c.objc; path = JXCategoryNumberCell.m; sourceTree = "<group>"; };
		BE87D4992D64835F00E1FAF9 /* JXCategoryNumberCellModel.h */ = {isa = PBXFileReference; lastKnownFileType = sourcecode.c.h; path = JXCategoryNumberCellModel.h; sourceTree = "<group>"; };
		BE87D49A2D64835F00E1FAF9 /* JXCategoryNumberCellModel.m */ = {isa = PBXFileReference; lastKnownFileType = sourcecode.c.objc; path = JXCategoryNumberCellModel.m; sourceTree = "<group>"; };
		BE87D49B2D64835F00E1FAF9 /* JXCategoryNumberView.h */ = {isa = PBXFileReference; lastKnownFileType = sourcecode.c.h; path = JXCategoryNumberView.h; sourceTree = "<group>"; };
		BE87D49C2D64835F00E1FAF9 /* JXCategoryNumberView.m */ = {isa = PBXFileReference; lastKnownFileType = sourcecode.c.objc; path = JXCategoryNumberView.m; sourceTree = "<group>"; };
		BE87D49E2D64835F00E1FAF9 /* JXCategoryTitleCell.h */ = {isa = PBXFileReference; lastKnownFileType = sourcecode.c.h; path = JXCategoryTitleCell.h; sourceTree = "<group>"; };
		BE87D49F2D64835F00E1FAF9 /* JXCategoryTitleCell.m */ = {isa = PBXFileReference; lastKnownFileType = sourcecode.c.objc; path = JXCategoryTitleCell.m; sourceTree = "<group>"; };
		BE87D4A02D64835F00E1FAF9 /* JXCategoryTitleCellModel.h */ = {isa = PBXFileReference; lastKnownFileType = sourcecode.c.h; path = JXCategoryTitleCellModel.h; sourceTree = "<group>"; };
		BE87D4A12D64835F00E1FAF9 /* JXCategoryTitleCellModel.m */ = {isa = PBXFileReference; lastKnownFileType = sourcecode.c.objc; path = JXCategoryTitleCellModel.m; sourceTree = "<group>"; };
		BE87D4A22D64835F00E1FAF9 /* JXCategoryTitleView.h */ = {isa = PBXFileReference; lastKnownFileType = sourcecode.c.h; path = JXCategoryTitleView.h; sourceTree = "<group>"; };
		BE87D4A32D64835F00E1FAF9 /* JXCategoryTitleView.m */ = {isa = PBXFileReference; lastKnownFileType = sourcecode.c.objc; path = JXCategoryTitleView.m; sourceTree = "<group>"; };
		BE87D4A52D64835F00E1FAF9 /* JXCategoryTitleImageCell.h */ = {isa = PBXFileReference; lastKnownFileType = sourcecode.c.h; path = JXCategoryTitleImageCell.h; sourceTree = "<group>"; };
		BE87D4A62D64835F00E1FAF9 /* JXCategoryTitleImageCell.m */ = {isa = PBXFileReference; lastKnownFileType = sourcecode.c.objc; path = JXCategoryTitleImageCell.m; sourceTree = "<group>"; };
		BE87D4A72D64835F00E1FAF9 /* JXCategoryTitleImageCellModel.h */ = {isa = PBXFileReference; lastKnownFileType = sourcecode.c.h; path = JXCategoryTitleImageCellModel.h; sourceTree = "<group>"; };
		BE87D4A82D64835F00E1FAF9 /* JXCategoryTitleImageCellModel.m */ = {isa = PBXFileReference; lastKnownFileType = sourcecode.c.objc; path = JXCategoryTitleImageCellModel.m; sourceTree = "<group>"; };
		BE87D4A92D64835F00E1FAF9 /* JXCategoryTitleImageView.h */ = {isa = PBXFileReference; lastKnownFileType = sourcecode.c.h; path = JXCategoryTitleImageView.h; sourceTree = "<group>"; };
		BE87D4AA2D64835F00E1FAF9 /* JXCategoryTitleImageView.m */ = {isa = PBXFileReference; lastKnownFileType = sourcecode.c.objc; path = JXCategoryTitleImageView.m; sourceTree = "<group>"; };
		BE87D4AC2D64835F00E1FAF9 /* JXCategoryTitleVerticalZoomCell.h */ = {isa = PBXFileReference; lastKnownFileType = sourcecode.c.h; path = JXCategoryTitleVerticalZoomCell.h; sourceTree = "<group>"; };
		BE87D4AD2D64835F00E1FAF9 /* JXCategoryTitleVerticalZoomCell.m */ = {isa = PBXFileReference; lastKnownFileType = sourcecode.c.objc; path = JXCategoryTitleVerticalZoomCell.m; sourceTree = "<group>"; };
		BE87D4AE2D64835F00E1FAF9 /* JXCategoryTitleVerticalZoomCellModel.h */ = {isa = PBXFileReference; lastKnownFileType = sourcecode.c.h; path = JXCategoryTitleVerticalZoomCellModel.h; sourceTree = "<group>"; };
		BE87D4AF2D64835F00E1FAF9 /* JXCategoryTitleVerticalZoomCellModel.m */ = {isa = PBXFileReference; lastKnownFileType = sourcecode.c.objc; path = JXCategoryTitleVerticalZoomCellModel.m; sourceTree = "<group>"; };
		BE87D4B02D64835F00E1FAF9 /* JXCategoryTitleVerticalZoomView.h */ = {isa = PBXFileReference; lastKnownFileType = sourcecode.c.h; path = JXCategoryTitleVerticalZoomView.h; sourceTree = "<group>"; };
		BE87D4B12D64835F00E1FAF9 /* JXCategoryTitleVerticalZoomView.m */ = {isa = PBXFileReference; lastKnownFileType = sourcecode.c.objc; path = JXCategoryTitleVerticalZoomView.m; sourceTree = "<group>"; };
		BE87D4B32D64835F00E1FAF9 /* JXCategoryView.h */ = {isa = PBXFileReference; lastKnownFileType = sourcecode.c.h; path = JXCategoryView.h; sourceTree = "<group>"; };
/* End PBXFileReference section */

/* Begin PBXFrameworksBuildPhase section */
		19F1508B2387BCCA0043A86E /* Frameworks */ = {
			isa = PBXFrameworksBuildPhase;
			buildActionMask = 2147483647;
			files = (
			);
			runOnlyForDeploymentPostprocessing = 0;
		};
/* End PBXFrameworksBuildPhase section */

/* Begin PBXGroup section */
		19F150842387BCCA0043A86E = {
			isa = PBXGroup;
			children = (
				19F150902387BCCA0043A86E /* JXCategoryView */,
				19F1508F2387BCCA0043A86E /* Products */,
			);
			sourceTree = "<group>";
		};
		19F1508F2387BCCA0043A86E /* Products */ = {
			isa = PBXGroup;
			children = (
				19F1508E2387BCCA0043A86E /* JXCategoryView.framework */,
			);
			name = Products;
			sourceTree = "<group>";
		};
		19F150902387BCCA0043A86E /* JXCategoryView */ = {
			isa = PBXGroup;
			children = (
				BE87D4B42D64835F00E1FAF9 /* Sources */,
				BE87D3AA2D64831700E1FAF9 /* JXCategoryView.h */,
				19F150922387BCCA0043A86E /* Info.plist */,
			);
			path = JXCategoryView;
			sourceTree = "<group>";
		};
		BE87D45F2D64835F00E1FAF9 /* Base */ = {
			isa = PBXGroup;
			children = (
				BE87D4592D64835F00E1FAF9 /* JXCategoryBaseCell.h */,
				BE87D45A2D64835F00E1FAF9 /* JXCategoryBaseCell.m */,
				BE87D45B2D64835F00E1FAF9 /* JXCategoryBaseCellModel.h */,
				BE87D45C2D64835F00E1FAF9 /* JXCategoryBaseCellModel.m */,
				BE87D45D2D64835F00E1FAF9 /* JXCategoryBaseView.h */,
				BE87D45E2D64835F00E1FAF9 /* JXCategoryBaseView.m */,
			);
			path = Base;
			sourceTree = "<group>";
		};
		BE87D4702D64835F00E1FAF9 /* Common */ = {
			isa = PBXGroup;
			children = (
				BE87D4602D64835F00E1FAF9 /* JXCategoryCollectionView.h */,
				BE87D4612D64835F00E1FAF9 /* JXCategoryCollectionView.m */,
				BE87D4622D64835F00E1FAF9 /* JXCategoryFactory.h */,
				BE87D4632D64835F00E1FAF9 /* JXCategoryFactory.m */,
				BE87D4642D64835F00E1FAF9 /* JXCategoryIndicatorParamsModel.h */,
				BE87D4652D64835F00E1FAF9 /* JXCategoryIndicatorParamsModel.m */,
				BE87D4662D64835F00E1FAF9 /* JXCategoryIndicatorProtocol.h */,
				BE87D4672D64835F00E1FAF9 /* JXCategoryListCollectionContainerView.h */,
				BE87D4682D64835F00E1FAF9 /* JXCategoryListCollectionContainerView.m */,
				BE87D4692D64835F00E1FAF9 /* JXCategoryListContainerView.h */,
				BE87D46A2D64835F00E1FAF9 /* JXCategoryListContainerView.m */,
				BE87D46B2D64835F00E1FAF9 /* JXCategoryViewAnimator.h */,
				BE87D46C2D64835F00E1FAF9 /* JXCategoryViewAnimator.m */,
				BE87D46D2D64835F00E1FAF9 /* JXCategoryViewDefines.h */,
				BE87D46E2D64835F00E1FAF9 /* UIColor+JXAdd.h */,
				BE87D46F2D64835F00E1FAF9 /* UIColor+JXAdd.m */,
			);
			path = Common;
			sourceTree = "<group>";
		};
		BE87D4772D64835F00E1FAF9 /* Dot */ = {
			isa = PBXGroup;
			children = (
				BE87D4712D64835F00E1FAF9 /* JXCategoryDotCell.h */,
				BE87D4722D64835F00E1FAF9 /* JXCategoryDotCell.m */,
				BE87D4732D64835F00E1FAF9 /* JXCategoryDotCellModel.h */,
				BE87D4742D64835F00E1FAF9 /* JXCategoryDotCellModel.m */,
				BE87D4752D64835F00E1FAF9 /* JXCategoryDotView.h */,
				BE87D4762D64835F00E1FAF9 /* JXCategoryDotView.m */,
			);
			path = Dot;
			sourceTree = "<group>";
		};
		BE87D47E2D64835F00E1FAF9 /* Image */ = {
			isa = PBXGroup;
			children = (
				BE87D4782D64835F00E1FAF9 /* JXCategoryImageCell.h */,
				BE87D4792D64835F00E1FAF9 /* JXCategoryImageCell.m */,
				BE87D47A2D64835F00E1FAF9 /* JXCategoryImageCellModel.h */,
				BE87D47B2D64835F00E1FAF9 /* JXCategoryImageCellModel.m */,
				BE87D47C2D64835F00E1FAF9 /* JXCategoryImageView.h */,
				BE87D47D2D64835F00E1FAF9 /* JXCategoryImageView.m */,
			);
			path = Image;
			sourceTree = "<group>";
		};
		BE87D48F2D64835F00E1FAF9 /* IndicatorViews */ = {
			isa = PBXGroup;
			children = (
				BE87D47F2D64835F00E1FAF9 /* JXCategoryIndicatorBackgroundView.h */,
				BE87D4802D64835F00E1FAF9 /* JXCategoryIndicatorBackgroundView.m */,
				BE87D4812D64835F00E1FAF9 /* JXCategoryIndicatorBallView.h */,
				BE87D4822D64835F00E1FAF9 /* JXCategoryIndicatorBallView.m */,
				BE87D4832D64835F00E1FAF9 /* JXCategoryIndicatorComponentView.h */,
				BE87D4842D64835F00E1FAF9 /* JXCategoryIndicatorComponentView.m */,
				BE87D4852D64835F00E1FAF9 /* JXCategoryIndicatorDotLineView.h */,
				BE87D4862D64835F00E1FAF9 /* JXCategoryIndicatorDotLineView.m */,
				BE87D4872D64835F00E1FAF9 /* JXCategoryIndicatorImageView.h */,
				BE87D4882D64835F00E1FAF9 /* JXCategoryIndicatorImageView.m */,
				BE87D4892D64835F00E1FAF9 /* JXCategoryIndicatorLineView.h */,
				BE87D48A2D64835F00E1FAF9 /* JXCategoryIndicatorLineView.m */,
				BE87D48B2D64835F00E1FAF9 /* JXCategoryIndicatorRainbowLineView.h */,
				BE87D48C2D64835F00E1FAF9 /* JXCategoryIndicatorRainbowLineView.m */,
				BE87D48D2D64835F00E1FAF9 /* JXCategoryIndicatorTriangleView.h */,
				BE87D48E2D64835F00E1FAF9 /* JXCategoryIndicatorTriangleView.m */,
			);
			path = IndicatorViews;
			sourceTree = "<group>";
		};
		BE87D4962D64835F00E1FAF9 /* Indicator */ = {
			isa = PBXGroup;
			children = (
				BE87D48F2D64835F00E1FAF9 /* IndicatorViews */,
				BE87D4902D64835F00E1FAF9 /* JXCategoryIndicatorCell.h */,
				BE87D4912D64835F00E1FAF9 /* JXCategoryIndicatorCell.m */,
				BE87D4922D64835F00E1FAF9 /* JXCategoryIndicatorCellModel.h */,
				BE87D4932D64835F00E1FAF9 /* JXCategoryIndicatorCellModel.m */,
				BE87D4942D64835F00E1FAF9 /* JXCategoryIndicatorView.h */,
				BE87D4952D64835F00E1FAF9 /* JXCategoryIndicatorView.m */,
			);
			path = Indicator;
			sourceTree = "<group>";
		};
		BE87D49D2D64835F00E1FAF9 /* Number */ = {
			isa = PBXGroup;
			children = (
				BE87D4972D64835F00E1FAF9 /* JXCategoryNumberCell.h */,
				BE87D4982D64835F00E1FAF9 /* JXCategoryNumberCell.m */,
				BE87D4992D64835F00E1FAF9 /* JXCategoryNumberCellModel.h */,
				BE87D49A2D64835F00E1FAF9 /* JXCategoryNumberCellModel.m */,
				BE87D49B2D64835F00E1FAF9 /* JXCategoryNumberView.h */,
				BE87D49C2D64835F00E1FAF9 /* JXCategoryNumberView.m */,
			);
			path = Number;
			sourceTree = "<group>";
		};
		BE87D4A42D64835F00E1FAF9 /* Title */ = {
			isa = PBXGroup;
			children = (
				BE87D49E2D64835F00E1FAF9 /* JXCategoryTitleCell.h */,
				BE87D49F2D64835F00E1FAF9 /* JXCategoryTitleCell.m */,
				BE87D4A02D64835F00E1FAF9 /* JXCategoryTitleCellModel.h */,
				BE87D4A12D64835F00E1FAF9 /* JXCategoryTitleCellModel.m */,
				BE87D4A22D64835F00E1FAF9 /* JXCategoryTitleView.h */,
				BE87D4A32D64835F00E1FAF9 /* JXCategoryTitleView.m */,
			);
			path = Title;
			sourceTree = "<group>";
		};
		BE87D4AB2D64835F00E1FAF9 /* TitleImage */ = {
			isa = PBXGroup;
			children = (
				BE87D4A52D64835F00E1FAF9 /* JXCategoryTitleImageCell.h */,
				BE87D4A62D64835F00E1FAF9 /* JXCategoryTitleImageCell.m */,
				BE87D4A72D64835F00E1FAF9 /* JXCategoryTitleImageCellModel.h */,
				BE87D4A82D64835F00E1FAF9 /* JXCategoryTitleImageCellModel.m */,
				BE87D4A92D64835F00E1FAF9 /* JXCategoryTitleImageView.h */,
				BE87D4AA2D64835F00E1FAF9 /* JXCategoryTitleImageView.m */,
			);
			path = TitleImage;
			sourceTree = "<group>";
		};
		BE87D4B22D64835F00E1FAF9 /* VerticalZoomTitle */ = {
			isa = PBXGroup;
			children = (
				BE87D4AC2D64835F00E1FAF9 /* JXCategoryTitleVerticalZoomCell.h */,
				BE87D4AD2D64835F00E1FAF9 /* JXCategoryTitleVerticalZoomCell.m */,
				BE87D4AE2D64835F00E1FAF9 /* JXCategoryTitleVerticalZoomCellModel.h */,
				BE87D4AF2D64835F00E1FAF9 /* JXCategoryTitleVerticalZoomCellModel.m */,
				BE87D4B02D64835F00E1FAF9 /* JXCategoryTitleVerticalZoomView.h */,
				BE87D4B12D64835F00E1FAF9 /* JXCategoryTitleVerticalZoomView.m */,
			);
			path = VerticalZoomTitle;
			sourceTree = "<group>";
		};
		BE87D4B42D64835F00E1FAF9 /* Sources */ = {
			isa = PBXGroup;
			children = (
				BE87D45F2D64835F00E1FAF9 /* Base */,
				BE87D4702D64835F00E1FAF9 /* Common */,
				BE87D4772D64835F00E1FAF9 /* Dot */,
				BE87D47E2D64835F00E1FAF9 /* Image */,
				BE87D4962D64835F00E1FAF9 /* Indicator */,
				BE87D49D2D64835F00E1FAF9 /* Number */,
				BE87D4A42D64835F00E1FAF9 /* Title */,
				BE87D4AB2D64835F00E1FAF9 /* TitleImage */,
				BE87D4B22D64835F00E1FAF9 /* VerticalZoomTitle */,
				BE87D4B32D64835F00E1FAF9 /* JXCategoryView.h */,
			);
			path = Sources;
			sourceTree = SOURCE_ROOT;
		};
/* End PBXGroup section */

/* Begin PBXHeadersBuildPhase section */
		19F150892387BCCA0043A86E /* Headers */ = {
			isa = PBXHeadersBuildPhase;
			buildActionMask = 2147483647;
			files = (
				BE87D4DC2D64835F00E1FAF9 /* JXCategoryImageCellModel.h in Headers */,
				BE87D4DD2D64835F00E1FAF9 /* JXCategoryDotCellModel.h in Headers */,
				BE87D4DE2D64835F00E1FAF9 /* JXCategoryTitleCell.h in Headers */,
				BE87D4DF2D64835F00E1FAF9 /* JXCategoryNumberView.h in Headers */,
				BE87D4E02D64835F00E1FAF9 /* JXCategoryImageCell.h in Headers */,
				BE87D4E12D64835F00E1FAF9 /* JXCategoryBaseView.h in Headers */,
				BE87D4E22D64835F00E1FAF9 /* JXCategoryTitleCellModel.h in Headers */,
				BE87D4E32D64835F00E1FAF9 /* JXCategoryTitleVerticalZoomView.h in Headers */,
				BE87D4E42D64835F00E1FAF9 /* JXCategoryIndicatorBallView.h in Headers */,
				BE87D4E52D64835F00E1FAF9 /* JXCategoryIndicatorImageView.h in Headers */,
				BE87D4E62D64835F00E1FAF9 /* JXCategoryCollectionView.h in Headers */,
				BE87D4E72D64835F00E1FAF9 /* JXCategoryDotCell.h in Headers */,
				BE87D4E82D64835F00E1FAF9 /* JXCategoryIndicatorCellModel.h in Headers */,
				BE87D4E92D64835F00E1FAF9 /* UIColor+JXAdd.h in Headers */,
				BE87D4EA2D64835F00E1FAF9 /* JXCategoryImageView.h in Headers */,
				BE87D4EB2D64835F00E1FAF9 /* JXCategoryTitleView.h in Headers */,
				BE87D4EC2D64835F00E1FAF9 /* JXCategoryBaseCellModel.h in Headers */,
				BE87D4ED2D64835F00E1FAF9 /* JXCategoryNumberCellModel.h in Headers */,
				BE87D4EE2D64835F00E1FAF9 /* JXCategoryIndicatorCell.h in Headers */,
				BE87D4EF2D64835F00E1FAF9 /* JXCategoryNumberCell.h in Headers */,
				BE87D4F02D64835F00E1FAF9 /* JXCategoryIndicatorRainbowLineView.h in Headers */,
				BE87D4F12D64835F00E1FAF9 /* JXCategoryTitleVerticalZoomCellModel.h in Headers */,
				BE87D4F22D64835F00E1FAF9 /* JXCategoryIndicatorDotLineView.h in Headers */,
				BE87D4F32D64835F00E1FAF9 /* JXCategoryIndicatorComponentView.h in Headers */,
				BE87D4F42D64835F00E1FAF9 /* JXCategoryTitleImageCellModel.h in Headers */,
				BE87D4F52D64835F00E1FAF9 /* JXCategoryIndicatorBackgroundView.h in Headers */,
				BE87D4F62D64835F00E1FAF9 /* JXCategoryBaseCell.h in Headers */,
				BE87D4F72D64835F00E1FAF9 /* JXCategoryTitleImageCell.h in Headers */,
				BE87D4F82D64835F00E1FAF9 /* JXCategoryFactory.h in Headers */,
				BE87D4F92D64835F00E1FAF9 /* JXCategoryView.h in Headers */,
				BE87D4FA2D64835F00E1FAF9 /* JXCategoryIndicatorTriangleView.h in Headers */,
				BE87D4FB2D64835F00E1FAF9 /* JXCategoryIndicatorParamsModel.h in Headers */,
				BE87D4FC2D64835F00E1FAF9 /* JXCategoryIndicatorLineView.h in Headers */,
				BE87D4FD2D64835F00E1FAF9 /* JXCategoryTitleVerticalZoomCell.h in Headers */,
				BE87D4FE2D64835F00E1FAF9 /* JXCategoryListContainerView.h in Headers */,
				BE87D4FF2D64835F00E1FAF9 /* JXCategoryViewDefines.h in Headers */,
				BE87D5002D64835F00E1FAF9 /* JXCategoryTitleImageView.h in Headers */,
				BE87D5012D64835F00E1FAF9 /* JXCategoryListCollectionContainerView.h in Headers */,
				BE87D5022D64835F00E1FAF9 /* JXCategoryDotView.h in Headers */,
				BE87D5032D64835F00E1FAF9 /* JXCategoryIndicatorView.h in Headers */,
				BE87D5042D64835F00E1FAF9 /* JXCategoryIndicatorProtocol.h in Headers */,
				BE87D5052D64835F00E1FAF9 /* JXCategoryViewAnimator.h in Headers */,
				BE87D3AB2D64831700E1FAF9 /* JXCategoryView.h in Headers */,
			);
			runOnlyForDeploymentPostprocessing = 0;
		};
/* End PBXHeadersBuildPhase section */

/* Begin PBXNativeTarget section */
		19F1508D2387BCCA0043A86E /* JXCategoryView */ = {
			isa = PBXNativeTarget;
			buildConfigurationList = 19F150962387BCCA0043A86E /* Build configuration list for PBXNativeTarget "JXCategoryView" */;
			buildPhases = (
				19F150892387BCCA0043A86E /* Headers */,
				19F1508A2387BCCA0043A86E /* Sources */,
				19F1508B2387BCCA0043A86E /* Frameworks */,
				19F1508C2387BCCA0043A86E /* Resources */,
			);
			buildRules = (
			);
			dependencies = (
			);
			name = JXCategoryView;
			productName = JXCategoryView;
			productReference = 19F1508E2387BCCA0043A86E /* JXCategoryView.framework */;
			productType = "com.apple.product-type.framework";
		};
/* End PBXNativeTarget section */

/* Begin PBXProject section */
		19F150852387BCCA0043A86E /* Project object */ = {
			isa = PBXProject;
			attributes = {
				LastUpgradeCheck = 1110;
				ORGANIZATIONNAME = jiaxin;
				TargetAttributes = {
					19F1508D2387BCCA0043A86E = {
						CreatedOnToolsVersion = 11.1;
					};
				};
			};
			buildConfigurationList = 19F150882387BCCA0043A86E /* Build configuration list for PBXProject "JXCategoryView" */;
			compatibilityVersion = "Xcode 9.3";
			developmentRegion = en;
			hasScannedForEncodings = 0;
			knownRegions = (
				en,
				Base,
			);
			mainGroup = 19F150842387BCCA0043A86E;
			productRefGroup = 19F1508F2387BCCA0043A86E /* Products */;
			projectDirPath = "";
			projectRoot = "";
			targets = (
				19F1508D2387BCCA0043A86E /* JXCategoryView */,
			);
		};
/* End PBXProject section */

/* Begin PBXResourcesBuildPhase section */
		19F1508C2387BCCA0043A86E /* Resources */ = {
			isa = PBXResourcesBuildPhase;
			buildActionMask = 2147483647;
			files = (
			);
			runOnlyForDeploymentPostprocessing = 0;
		};
/* End PBXResourcesBuildPhase section */

/* Begin PBXSourcesBuildPhase section */
		19F1508A2387BCCA0043A86E /* Sources */ = {
			isa = PBXSourcesBuildPhase;
			buildActionMask = 2147483647;
			files = (
				BE87D4B52D64835F00E1FAF9 /* JXCategoryIndicatorBackgroundView.m in Sources */,
				BE87D4B62D64835F00E1FAF9 /* JXCategoryIndicatorCell.m in Sources */,
				BE87D4B72D64835F00E1FAF9 /* UIColor+JXAdd.m in Sources */,
				BE87D4B82D64835F00E1FAF9 /* JXCategoryImageView.m in Sources */,
				BE87D4B92D64835F00E1FAF9 /* JXCategoryDotView.m in Sources */,
				BE87D4BA2D64835F00E1FAF9 /* JXCategoryIndicatorBallView.m in Sources */,
				BE87D4BB2D64835F00E1FAF9 /* JXCategoryIndicatorImageView.m in Sources */,
				BE87D4BC2D64835F00E1FAF9 /* JXCategoryTitleImageCellModel.m in Sources */,
				BE87D4BD2D64835F00E1FAF9 /* JXCategoryNumberCell.m in Sources */,
				BE87D4BE2D64835F00E1FAF9 /* JXCategoryTitleImageCell.m in Sources */,
				BE87D4BF2D64835F00E1FAF9 /* JXCategoryFactory.m in Sources */,
				BE87D4C02D64835F00E1FAF9 /* JXCategoryIndicatorComponentView.m in Sources */,
				BE87D4C12D64835F00E1FAF9 /* JXCategoryListContainerView.m in Sources */,
				BE87D4C22D64835F00E1FAF9 /* JXCategoryViewAnimator.m in Sources */,
				BE87D4C32D64835F00E1FAF9 /* JXCategoryIndicatorTriangleView.m in Sources */,
				BE87D4C42D64835F00E1FAF9 /* JXCategoryIndicatorView.m in Sources */,
				BE87D4C52D64835F00E1FAF9 /* JXCategoryTitleVerticalZoomCellModel.m in Sources */,
				BE87D4C62D64835F00E1FAF9 /* JXCategoryTitleVerticalZoomView.m in Sources */,
				BE87D4C72D64835F00E1FAF9 /* JXCategoryTitleVerticalZoomCell.m in Sources */,
				BE87D4C82D64835F00E1FAF9 /* JXCategoryDotCell.m in Sources */,
				BE87D4C92D64835F00E1FAF9 /* JXCategoryNumberView.m in Sources */,
				BE87D4CA2D64835F00E1FAF9 /* JXCategoryDotCellModel.m in Sources */,
				BE87D4CB2D64835F00E1FAF9 /* JXCategoryTitleCell.m in Sources */,
				BE87D4CC2D64835F00E1FAF9 /* JXCategoryImageCellModel.m in Sources */,
				BE87D4CD2D64835F00E1FAF9 /* JXCategoryIndicatorRainbowLineView.m in Sources */,
				BE87D4CE2D64835F00E1FAF9 /* JXCategoryTitleImageView.m in Sources */,
				BE87D4CF2D64835F00E1FAF9 /* JXCategoryBaseView.m in Sources */,
				BE87D4D02D64835F00E1FAF9 /* JXCategoryListCollectionContainerView.m in Sources */,
				BE87D4D12D64835F00E1FAF9 /* JXCategoryIndicatorLineView.m in Sources */,
				BE87D4D22D64835F00E1FAF9 /* JXCategoryTitleView.m in Sources */,
				BE87D4D32D64835F00E1FAF9 /* JXCategoryIndicatorCellModel.m in Sources */,
				BE87D4D42D64835F00E1FAF9 /* JXCategoryImageCell.m in Sources */,
				BE87D4D52D64835F00E1FAF9 /* JXCategoryTitleCellModel.m in Sources */,
				BE87D4D62D64835F00E1FAF9 /* JXCategoryBaseCellModel.m in Sources */,
				BE87D4D72D64835F00E1FAF9 /* JXCategoryBaseCell.m in Sources */,
				BE87D4D82D64835F00E1FAF9 /* JXCategoryNumberCellModel.m in Sources */,
				BE87D4D92D64835F00E1FAF9 /* JXCategoryIndicatorDotLineView.m in Sources */,
				BE87D4DA2D64835F00E1FAF9 /* JXCategoryCollectionView.m in Sources */,
				BE87D4DB2D64835F00E1FAF9 /* JXCategoryIndicatorParamsModel.m in Sources */,
			);
			runOnlyForDeploymentPostprocessing = 0;
		};
/* End PBXSourcesBuildPhase section */

/* Begin XCBuildConfiguration section */
		19F150942387BCCA0043A86E /* Debug */ = {
			isa = XCBuildConfiguration;
			buildSettings = {
				ALWAYS_SEARCH_USER_PATHS = NO;
				CLANG_ANALYZER_NONNULL = YES;
				CLANG_ANALYZER_NUMBER_OBJECT_CONVERSION = YES_AGGRESSIVE;
				CLANG_CXX_LANGUAGE_STANDARD = "gnu++14";
				CLANG_CXX_LIBRARY = "libc++";
				CLANG_ENABLE_MODULES = YES;
				CLANG_ENABLE_OBJC_ARC = YES;
				CLANG_ENABLE_OBJC_WEAK = YES;
				CLANG_WARN_BLOCK_CAPTURE_AUTORELEASING = YES;
				CLANG_WARN_BOOL_CONVERSION = YES;
				CLANG_WARN_COMMA = YES;
				CLANG_WARN_CONSTANT_CONVERSION = YES;
				CLANG_WARN_DEPRECATED_OBJC_IMPLEMENTATIONS = YES;
				CLANG_WARN_DIRECT_OBJC_ISA_USAGE = YES_ERROR;
				CLANG_WARN_DOCUMENTATION_COMMENTS = YES;
				CLANG_WARN_EMPTY_BODY = YES;
				CLANG_WARN_ENUM_CONVERSION = YES;
				CLANG_WARN_INFINITE_RECURSION = YES;
				CLANG_WARN_INT_CONVERSION = YES;
				CLANG_WARN_NON_LITERAL_NULL_CONVERSION = YES;
				CLANG_WARN_OBJC_IMPLICIT_RETAIN_SELF = YES;
				CLANG_WARN_OBJC_LITERAL_CONVERSION = YES;
				CLANG_WARN_OBJC_ROOT_CLASS = YES_ERROR;
				CLANG_WARN_RANGE_LOOP_ANALYSIS = YES;
				CLANG_WARN_STRICT_PROTOTYPES = YES;
				CLANG_WARN_SUSPICIOUS_MOVE = YES;
				CLANG_WARN_UNGUARDED_AVAILABILITY = YES_AGGRESSIVE;
				CLANG_WARN_UNREACHABLE_CODE = YES;
				CLANG_WARN__DUPLICATE_METHOD_MATCH = YES;
				COPY_PHASE_STRIP = NO;
				CURRENT_PROJECT_VERSION = 1;
				DEBUG_INFORMATION_FORMAT = dwarf;
				ENABLE_STRICT_OBJC_MSGSEND = YES;
				ENABLE_TESTABILITY = YES;
				GCC_C_LANGUAGE_STANDARD = gnu11;
				GCC_DYNAMIC_NO_PIC = NO;
				GCC_NO_COMMON_BLOCKS = YES;
				GCC_OPTIMIZATION_LEVEL = 0;
				GCC_PREPROCESSOR_DEFINITIONS = (
					"DEBUG=1",
					"$(inherited)",
				);
				GCC_WARN_64_TO_32_BIT_CONVERSION = YES;
				GCC_WARN_ABOUT_RETURN_TYPE = YES_ERROR;
				GCC_WARN_UNDECLARED_SELECTOR = YES;
				GCC_WARN_UNINITIALIZED_AUTOS = YES_AGGRESSIVE;
				GCC_WARN_UNUSED_FUNCTION = YES;
				GCC_WARN_UNUSED_VARIABLE = YES;
				IPHONEOS_DEPLOYMENT_TARGET = 13.1;
				MTL_ENABLE_DEBUG_INFO = INCLUDE_SOURCE;
				MTL_FAST_MATH = YES;
				ONLY_ACTIVE_ARCH = YES;
				SDKROOT = iphoneos;
				VERSIONING_SYSTEM = "apple-generic";
				VERSION_INFO_PREFIX = "";
			};
			name = Debug;
		};
		19F150952387BCCA0043A86E /* Release */ = {
			isa = XCBuildConfiguration;
			buildSettings = {
				ALWAYS_SEARCH_USER_PATHS = NO;
				CLANG_ANALYZER_NONNULL = YES;
				CLANG_ANALYZER_NUMBER_OBJECT_CONVERSION = YES_AGGRESSIVE;
				CLANG_CXX_LANGUAGE_STANDARD = "gnu++14";
				CLANG_CXX_LIBRARY = "libc++";
				CLANG_ENABLE_MODULES = YES;
				CLANG_ENABLE_OBJC_ARC = YES;
				CLANG_ENABLE_OBJC_WEAK = YES;
				CLANG_WARN_BLOCK_CAPTURE_AUTORELEASING = YES;
				CLANG_WARN_BOOL_CONVERSION = YES;
				CLANG_WARN_COMMA = YES;
				CLANG_WARN_CONSTANT_CONVERSION = YES;
				CLANG_WARN_DEPRECATED_OBJC_IMPLEMENTATIONS = YES;
				CLANG_WARN_DIRECT_OBJC_ISA_USAGE = YES_ERROR;
				CLANG_WARN_DOCUMENTATION_COMMENTS = YES;
				CLANG_WARN_EMPTY_BODY = YES;
				CLANG_WARN_ENUM_CONVERSION = YES;
				CLANG_WARN_INFINITE_RECURSION = YES;
				CLANG_WARN_INT_CONVERSION = YES;
				CLANG_WARN_NON_LITERAL_NULL_CONVERSION = YES;
				CLANG_WARN_OBJC_IMPLICIT_RETAIN_SELF = YES;
				CLANG_WARN_OBJC_LITERAL_CONVERSION = YES;
				CLANG_WARN_OBJC_ROOT_CLASS = YES_ERROR;
				CLANG_WARN_RANGE_LOOP_ANALYSIS = YES;
				CLANG_WARN_STRICT_PROTOTYPES = YES;
				CLANG_WARN_SUSPICIOUS_MOVE = YES;
				CLANG_WARN_UNGUARDED_AVAILABILITY = YES_AGGRESSIVE;
				CLANG_WARN_UNREACHABLE_CODE = YES;
				CLANG_WARN__DUPLICATE_METHOD_MATCH = YES;
				COPY_PHASE_STRIP = NO;
				CURRENT_PROJECT_VERSION = 1;
				DEBUG_INFORMATION_FORMAT = "dwarf-with-dsym";
				ENABLE_NS_ASSERTIONS = NO;
				ENABLE_STRICT_OBJC_MSGSEND = YES;
				GCC_C_LANGUAGE_STANDARD = gnu11;
				GCC_NO_COMMON_BLOCKS = YES;
				GCC_WARN_64_TO_32_BIT_CONVERSION = YES;
				GCC_WARN_ABOUT_RETURN_TYPE = YES_ERROR;
				GCC_WARN_UNDECLARED_SELECTOR = YES;
				GCC_WARN_UNINITIALIZED_AUTOS = YES_AGGRESSIVE;
				GCC_WARN_UNUSED_FUNCTION = YES;
				GCC_WARN_UNUSED_VARIABLE = YES;
				IPHONEOS_DEPLOYMENT_TARGET = 13.1;
				MTL_ENABLE_DEBUG_INFO = NO;
				MTL_FAST_MATH = YES;
				SDKROOT = iphoneos;
				VALIDATE_PRODUCT = YES;
				VERSIONING_SYSTEM = "apple-generic";
				VERSION_INFO_PREFIX = "";
			};
			name = Release;
		};
		19F150972387BCCA0043A86E /* Debug */ = {
			isa = XCBuildConfiguration;
			buildSettings = {
				CODE_SIGN_IDENTITY = "Apple Development";
				CODE_SIGN_STYLE = Automatic;
				DEFINES_MODULE = YES;
				DEVELOPMENT_TEAM = 6C6JHMW46K;
				DYLIB_COMPATIBILITY_VERSION = 1;
				DYLIB_CURRENT_VERSION = 1;
				DYLIB_INSTALL_NAME_BASE = "@rpath";
				INFOPLIST_FILE = JXCategoryView/Info.plist;
				INSTALL_PATH = "$(LOCAL_LIBRARY_DIR)/Frameworks";
				IPHONEOS_DEPLOYMENT_TARGET = 12.0;
				LD_RUNPATH_SEARCH_PATHS = (
					"$(inherited)",
					"@executable_path/Frameworks",
					"@loader_path/Frameworks",
				);
				PRODUCT_BUNDLE_IDENTIFIER = com.lx.jiaxin.JXCategoryView;
				PRODUCT_NAME = "$(TARGET_NAME:c99extidentifier)";
				PROVISIONING_PROFILE_SPECIFIER = "";
				SKIP_INSTALL = YES;
				SUPPORTS_MACCATALYST = NO;
				TARGETED_DEVICE_FAMILY = "1,2";
			};
			name = Debug;
		};
		19F150982387BCCA0043A86E /* Release */ = {
			isa = XCBuildConfiguration;
			buildSettings = {
				CODE_SIGN_IDENTITY = "Apple Development";
				CODE_SIGN_STYLE = Automatic;
				DEFINES_MODULE = YES;
				DEVELOPMENT_TEAM = 6C6JHMW46K;
				DYLIB_COMPATIBILITY_VERSION = 1;
				DYLIB_CURRENT_VERSION = 1;
				DYLIB_INSTALL_NAME_BASE = "@rpath";
				INFOPLIST_FILE = JXCategoryView/Info.plist;
				INSTALL_PATH = "$(LOCAL_LIBRARY_DIR)/Frameworks";
				IPHONEOS_DEPLOYMENT_TARGET = 12.0;
				LD_RUNPATH_SEARCH_PATHS = (
					"$(inherited)",
					"@executable_path/Frameworks",
					"@loader_path/Frameworks",
				);
				PRODUCT_BUNDLE_IDENTIFIER = com.lx.jiaxin.JXCategoryView;
				PRODUCT_NAME = "$(TARGET_NAME:c99extidentifier)";
				PROVISIONING_PROFILE_SPECIFIER = "";
				SKIP_INSTALL = YES;
				SUPPORTS_MACCATALYST = NO;
				TARGETED_DEVICE_FAMILY = "1,2";
			};
			name = Release;
		};
/* End XCBuildConfiguration section */

/* Begin XCConfigurationList section */
		19F150882387BCCA0043A86E /* Build configuration list for PBXProject "JXCategoryView" */ = {
			isa = XCConfigurationList;
			buildConfigurations = (
				19F150942387BCCA0043A86E /* Debug */,
				19F150952387BCCA0043A86E /* Release */,
			);
			defaultConfigurationIsVisible = 0;
			defaultConfigurationName = Release;
		};
		19F150962387BCCA0043A86E /* Build configuration list for PBXNativeTarget "JXCategoryView" */ = {
			isa = XCConfigurationList;
			buildConfigurations = (
				19F150972387BCCA0043A86E /* Debug */,
				19F150982387BCCA0043A86E /* Release */,
			);
			defaultConfigurationIsVisible = 0;
			defaultConfigurationName = Release;
		};
/* End XCConfigurationList section */
	};
	rootObject = 19F150852387BCCA0043A86E /* Project object */;
}
